
Microsoft Visual Studio Solution File, Format Version 12.00
# Visual Studio Version 17
VisualStudioVersion = 17.0.31919.166
MinimumVisualStudioVersion = 10.0.40219.1
Project("{9A19103F-16F7-4668-BE54-9A1E7A4F7556}") = "BanjoBotAssets", "BanjoBotAssets\BanjoBotAssets.csproj", "{BE443DAB-C3C2-4505-8DE0-0FBAD609481A}"
EndProject
Project("{2150E333-8FDC-42A3-9474-1A3956D46DE8}") = "Solution Items", "Solution Items", "{386F1C96-2E96-496D-8D15-2DE60DA88D45}"
	ProjectSection(SolutionItems) = preProject
		.editorconfig = .editorconfig
		BanjoBotAssets.sln.licenseheader = BanjoBotAssets.sln.licenseheader
	EndProjectSection
EndProject
Project("{9A19103F-16F7-4668-BE54-9A1E7A4F7556}") = "CUE4Parse", "external\CUE4Parse\CUE4Parse\CUE4Parse.csproj", "{3FC0E9AA-4AC4-4171-B3C8-A8E8C030E029}"
EndProject
Project("{9A19103F-16F7-4668-BE54-9A1E7A4F7556}") = "CUE4Parse-Conversion", "external\CUE4Parse\CUE4Parse-Conversion\CUE4Parse-Conversion.csproj", "{CA61BC76-6F8B-4B46-873B-1F7EA80267A9}"
EndProject
Project("{9A19103F-16F7-4668-BE54-9A1E7A4F7556}") = "CUE4Parse-FortniteTypes", "external\CUE4Parse-FortniteTypes\CUE4Parse-FortniteTypes.csproj", "{CABC1283-1A6A-45C3-BC21-1669C8DF0177}"
EndProject
Project("{9A19103F-16F7-4668-BE54-9A1E7A4F7556}") = "BanjoBotAssets.Json", "BanjoBotAssets.Json\BanjoBotAssets.Json.csproj", "{8C061955-789F-4EC9-9972-53621D81DE94}"
EndProject
Project("{9A19103F-16F7-4668-BE54-9A1E7A4F7556}") = "BanjoBotAssets.SourceGenerators", "BanjoBotAssets.SourceGenerators\BanjoBotAssets.SourceGenerators.csproj", "{7D76698D-A16B-4D67-ADC6-87D97FF1400C}"
EndProject
Project("{FAE04EC0-301F-11D3-BF4B-00C04F79EFBC}") = "BanjoBotAssets.SourceGenerators.Tests", "BanjoBotAssets.SourceGenerators.Tests\BanjoBotAssets.SourceGenerators.Tests.csproj", "{A786A866-CE3F-49D4-A54A-CC6488B732E3}"
EndProject
Global
	GlobalSection(SolutionConfigurationPlatforms) = preSolution
		Debug|Any CPU = Debug|Any CPU
		Release|Any CPU = Release|Any CPU
	EndGlobalSection
	GlobalSection(ProjectConfigurationPlatforms) = postSolution
		{BE443DAB-C3C2-4505-8DE0-0FBAD609481A}.Debug|Any CPU.ActiveCfg = Debug|Any CPU
		{BE443DAB-C3C2-4505-8DE0-0FBAD609481A}.Debug|Any CPU.Build.0 = Debug|Any CPU
		{BE443DAB-C3C2-4505-8DE0-0FBAD609481A}.Release|Any CPU.ActiveCfg = Release|Any CPU
		{BE443DAB-C3C2-4505-8DE0-0FBAD609481A}.Release|Any CPU.Build.0 = Release|Any CPU
		{3FC0E9AA-4AC4-4171-B3C8-A8E8C030E029}.Debug|Any CPU.ActiveCfg = Debug|Any CPU
		{3FC0E9AA-4AC4-4171-B3C8-A8E8C030E029}.Debug|Any CPU.Build.0 = Debug|Any CPU
		{3FC0E9AA-4AC4-4171-B3C8-A8E8C030E029}.Release|Any CPU.ActiveCfg = Release|Any CPU
		{3FC0E9AA-4AC4-4171-B3C8-A8E8C030E029}.Release|Any CPU.Build.0 = Release|Any CPU
		{CA61BC76-6F8B-4B46-873B-1F7EA80267A9}.Debug|Any CPU.ActiveCfg = Debug|Any CPU
		{CA61BC76-6F8B-4B46-873B-1F7EA80267A9}.Debug|Any CPU.Build.0 = Debug|Any CPU
		{CA61BC76-6F8B-4B46-873B-1F7EA80267A9}.Release|Any CPU.ActiveCfg = Release|Any CPU
		{CA61BC76-6F8B-4B46-873B-1F7EA80267A9}.Release|Any CPU.Build.0 = Release|Any CPU
		{CABC1283-1A6A-45C3-BC21-1669C8DF0177}.Debug|Any CPU.ActiveCfg = Debug|Any CPU
		{CABC1283-1A6A-45C3-BC21-1669C8DF0177}.Debug|Any CPU.Build.0 = Debug|Any CPU
		{CABC1283-1A6A-45C3-BC21-1669C8DF0177}.Release|Any CPU.ActiveCfg = Release|Any CPU
		{CABC1283-1A6A-45C3-BC21-1669C8DF0177}.Release|Any CPU.Build.0 = Release|Any CPU
		{8C061955-789F-4EC9-9972-53621D81DE94}.Debug|Any CPU.ActiveCfg = Debug|Any CPU
		{8C061955-789F-4EC9-9972-53621D81DE94}.Debug|Any CPU.Build.0 = Debug|Any CPU
		{8C061955-789F-4EC9-9972-53621D81DE94}.Release|Any CPU.ActiveCfg = Release|Any CPU
		{8C061955-789F-4EC9-9972-53621D81DE94}.Release|Any CPU.Build.0 = Release|Any CPU
		{7D76698D-A16B-4D67-ADC6-87D97FF1400C}.Debug|Any CPU.ActiveCfg = Debug|Any CPU
		{7D76698D-A16B-4D67-ADC6-87D97FF1400C}.Debug|Any CPU.Build.0 = Debug|Any CPU
		{7D76698D-A16B-4D67-ADC6-87D97FF1400C}.Release|Any CPU.ActiveCfg = Release|Any CPU
		{7D76698D-A16B-4D67-ADC6-87D97FF1400C}.Release|Any CPU.Build.0 = Release|Any CPU
		{A786A866-CE3F-49D4-A54A-CC6488B732E3}.Debug|Any CPU.ActiveCfg = Debug|Any CPU
		{A786A866-CE3F-49D4-A54A-CC6488B732E3}.Debug|Any CPU.Build.0 = Debug|Any CPU
		{A786A866-CE3F-49D4-A54A-CC6488B732E3}.Release|Any CPU.ActiveCfg = Release|Any CPU
		{A786A866-CE3F-49D4-A54A-CC6488B732E3}.Release|Any CPU.Build.0 = Release|Any CPU
	EndGlobalSection
	GlobalSection(SolutionProperties) = preSolution
		HideSolutionNode = FALSE
	EndGlobalSection
	GlobalSection(ExtensibilityGlobals) = postSolution
		SolutionGuid = {7B62D0D3-F583-4D09-9C80-C9644FD8B502}
	EndGlobalSection
EndGlobal
